// !$*UTF8*$!
{
	archiveVersion = 1;
	classes = {
	};
	objectVersion = 46;
	objects = {

/* Begin PBXBuildFile section */
		7EF66550196A559700E79192 /* Foundation.framework in Frameworks */ = {isa = PBXBuildFile; fileRef = 7EF6654F196A559700E79192 /* Foundation.framework */; };
		7EF66552196A559700E79192 /* CoreGraphics.framework in Frameworks */ = {isa = PBXBuildFile; fileRef = 7EF66551196A559700E79192 /* CoreGraphics.framework */; };
		7EF66554196A559700E79192 /* UIKit.framework in Frameworks */ = {isa = PBXBuildFile; fileRef = 7EF66553196A559700E79192 /* UIKit.framework */; };
		7EF6655A196A559700E79192 /* InfoPlist.strings in Resources */ = {isa = PBXBuildFile; fileRef = 7EF66558196A559700E79192 /* InfoPlist.strings */; };
		7EF6655C196A559700E79192 /* main.m in Sources */ = {isa = PBXBuildFile; fileRef = 7EF6655B196A559700E79192 /* main.m */; };
		7EF66560196A559700E79192 /* AppDelegate.m in Sources */ = {isa = PBXBuildFile; fileRef = 7EF6655F196A559700E79192 /* AppDelegate.m */; };
		7EF66562196A559700E79192 /* Images.xcassets in Resources */ = {isa = PBXBuildFile; fileRef = 7EF66561196A559700E79192 /* Images.xcassets */; };
		7EF66569196A559700E79192 /* XCTest.framework in Frameworks */ = {isa = PBXBuildFile; fileRef = 7EF66568196A559700E79192 /* XCTest.framework */; };
		7EF6656A196A559700E79192 /* Foundation.framework in Frameworks */ = {isa = PBXBuildFile; fileRef = 7EF6654F196A559700E79192 /* Foundation.framework */; };
		7EF6656B196A559700E79192 /* UIKit.framework in Frameworks */ = {isa = PBXBuildFile; fileRef = 7EF66553196A559700E79192 /* UIKit.framework */; };
		7EF66573196A559700E79192 /* InfoPlist.strings in Resources */ = {isa = PBXBuildFile; fileRef = 7EF66571196A559700E79192 /* InfoPlist.strings */; };
		7EF66575196A559700E79192 /* paperweightTests.m in Sources */ = {isa = PBXBuildFile; fileRef = 7EF66574196A559700E79192 /* paperweightTests.m */; };
		7EF66581196A560000E79192 /* MainViewController.m in Sources */ = {isa = PBXBuildFile; fileRef = 7EF6657F196A560000E79192 /* MainViewController.m */; };
		7EF66582196A560000E79192 /* MainViewController.xib in Resources */ = {isa = PBXBuildFile; fileRef = 7EF66580196A560000E79192 /* MainViewController.xib */; };
/* End PBXBuildFile section */

/* Begin PBXContainerItemProxy section */
		7EF6656C196A559700E79192 /* PBXContainerItemProxy */ = {
			isa = PBXContainerItemProxy;
			containerPortal = 7EF66544196A559700E79192 /* Project object */;
			proxyType = 1;
			remoteGlobalIDString = 7EF6654B196A559700E79192;
			remoteInfo = paperweight;
		};
/* End PBXContainerItemProxy section */

/* Begin PBXFileReference section */
		7EF6654C196A559700E79192 /* paperweight.app */ = {isa = PBXFileReference; explicitFileType = wrapper.application; includeInIndex = 0; path = paperweight.app; sourceTree = BUILT_PRODUCTS_DIR; };
		7EF6654F196A559700E79192 /* Foundation.framework */ = {isa = PBXFileReference; lastKnownFileType = wrapper.framework; name = Foundation.framework; path = System/Library/Frameworks/Foundation.framework; sourceTree = SDKROOT; };
		7EF66551196A559700E79192 /* CoreGraphics.framework */ = {isa = PBXFileReference; lastKnownFileType = wrapper.framework; name = CoreGraphics.framework; path = System/Library/Frameworks/CoreGraphics.framework; sourceTree = SDKROOT; };
		7EF66553196A559700E79192 /* UIKit.framework */ = {isa = PBXFileReference; lastKnownFileType = wrapper.framework; name = UIKit.framework; path = System/Library/Frameworks/UIKit.framework; sourceTree = SDKROOT; };
		7EF66557196A559700E79192 /* paperweight-Info.plist */ = {isa = PBXFileReference; lastKnownFileType = text.plist.xml; path = "paperweight-Info.plist"; sourceTree = "<group>"; };
		7EF66559196A559700E79192 /* en */ = {isa = PBXFileReference; lastKnownFileType = text.plist.strings; name = en; path = en.lproj/InfoPlist.strings; sourceTree = "<group>"; };
		7EF6655B196A559700E79192 /* main.m */ = {isa = PBXFileReference; lastKnownFileType = sourcecode.c.objc; path = main.m; sourceTree = "<group>"; };
		7EF6655D196A559700E79192 /* paperweight-Prefix.pch */ = {isa = PBXFileReference; lastKnownFileType = sourcecode.c.h; path = "paperweight-Prefix.pch"; sourceTree = "<group>"; };
		7EF6655E196A559700E79192 /* AppDelegate.h */ = {isa = PBXFileReference; lastKnownFileType = sourcecode.c.h; path = AppDelegate.h; sourceTree = "<group>"; };
		7EF6655F196A559700E79192 /* AppDelegate.m */ = {isa = PBXFileReference; lastKnownFileType = sourcecode.c.objc; path = AppDelegate.m; sourceTree = "<group>"; };
		7EF66561196A559700E79192 /* Images.xcassets */ = {isa = PBXFileReference; lastKnownFileType = folder.assetcatalog; path = Images.xcassets; sourceTree = "<group>"; };
		7EF66567196A559700E79192 /* paperweightTests.xctest */ = {isa = PBXFileReference; explicitFileType = wrapper.cfbundle; includeInIndex = 0; path = paperweightTests.xctest; sourceTree = BUILT_PRODUCTS_DIR; };
		7EF66568196A559700E79192 /* XCTest.framework */ = {isa = PBXFileReference; lastKnownFileType = wrapper.framework; name = XCTest.framework; path = Library/Frameworks/XCTest.framework; sourceTree = DEVELOPER_DIR; };
		7EF66570196A559700E79192 /* paperweightTests-Info.plist */ = {isa = PBXFileReference; lastKnownFileType = text.plist.xml; path = "paperweightTests-Info.plist"; sourceTree = "<group>"; };
		7EF66572196A559700E79192 /* en */ = {isa = PBXFileReference; lastKnownFileType = text.plist.strings; name = en; path = en.lproj/InfoPlist.strings; sourceTree = "<group>"; };
		7EF66574196A559700E79192 /* paperweightTests.m */ = {isa = PBXFileReference; lastKnownFileType = sourcecode.c.objc; path = paperweightTests.m; sourceTree = "<group>"; };
		7EF6657E196A560000E79192 /* MainViewController.h */ = {isa = PBXFileReference; fileEncoding = 4; lastKnownFileType = sourcecode.c.h; path = MainViewController.h; sourceTree = "<group>"; };
		7EF6657F196A560000E79192 /* MainViewController.m */ = {isa = PBXFileReference; fileEncoding = 4; lastKnownFileType = sourcecode.c.objc; path = MainViewController.m; sourceTree = "<group>"; };
		7EF66580196A560000E79192 /* MainViewController.xib */ = {isa = PBXFileReference; fileEncoding = 4; lastKnownFileType = file.xib; path = MainViewController.xib; sourceTree = "<group>"; };
/* End PBXFileReference section */

/* Begin PBXFrameworksBuildPhase section */
		7EF66549196A559700E79192 /* Frameworks */ = {
			isa = PBXFrameworksBuildPhase;
			buildActionMask = 2147483647;
			files = (
				7EF66552196A559700E79192 /* CoreGraphics.framework in Frameworks */,
				7EF66554196A559700E79192 /* UIKit.framework in Frameworks */,
				7EF66550196A559700E79192 /* Foundation.framework in Frameworks */,
			);
			runOnlyForDeploymentPostprocessing = 0;
		};
		7EF66564196A559700E79192 /* Frameworks */ = {
			isa = PBXFrameworksBuildPhase;
			buildActionMask = 2147483647;
			files = (
				7EF66569196A559700E79192 /* XCTest.framework in Frameworks */,
				7EF6656B196A559700E79192 /* UIKit.framework in Frameworks */,
				7EF6656A196A559700E79192 /* Foundation.framework in Frameworks */,
			);
			runOnlyForDeploymentPostprocessing = 0;
		};
/* End PBXFrameworksBuildPhase section */

/* Begin PBXGroup section */
		7EF66543196A559700E79192 = {
			isa = PBXGroup;
			children = (
				7EF66583196A560800E79192 /* Main */,
				7EF66555196A559700E79192 /* paperweight */,
				7EF6656E196A559700E79192 /* paperweightTests */,
				7EF6654E196A559700E79192 /* Frameworks */,
				7EF6654D196A559700E79192 /* Products */,
			);
			sourceTree = "<group>";
		};
		7EF6654D196A559700E79192 /* Products */ = {
			isa = PBXGroup;
			children = (
				7EF6654C196A559700E79192 /* paperweight.app */,
				7EF66567196A559700E79192 /* paperweightTests.xctest */,
			);
			name = Products;
			sourceTree = "<group>";
		};
		7EF6654E196A559700E79192 /* Frameworks */ = {
			isa = PBXGroup;
			children = (
				7EF6654F196A559700E79192 /* Foundation.framework */,
				7EF66551196A559700E79192 /* CoreGraphics.framework */,
				7EF66553196A559700E79192 /* UIKit.framework */,
				7EF66568196A559700E79192 /* XCTest.framework */,
			);
			name = Frameworks;
			sourceTree = "<group>";
		};
		7EF66555196A559700E79192 /* paperweight */ = {
			isa = PBXGroup;
			children = (
				7EF6655E196A559700E79192 /* AppDelegate.h */,
				7EF6655F196A559700E79192 /* AppDelegate.m */,
				7EF66561196A559700E79192 /* Images.xcassets */,
				7EF66556196A559700E79192 /* Supporting Files */,
			);
			path = paperweight;
			sourceTree = "<group>";
		};
		7EF66556196A559700E79192 /* Supporting Files */ = {
			isa = PBXGroup;
			children = (
				7EF66557196A559700E79192 /* paperweight-Info.plist */,
				7EF66558196A559700E79192 /* InfoPlist.strings */,
				7EF6655B196A559700E79192 /* main.m */,
				7EF6655D196A559700E79192 /* paperweight-Prefix.pch */,
			);
			name = "Supporting Files";
			sourceTree = "<group>";
		};
		7EF6656E196A559700E79192 /* paperweightTests */ = {
			isa = PBXGroup;
			children = (
				7EF66574196A559700E79192 /* paperweightTests.m */,
				7EF6656F196A559700E79192 /* Supporting Files */,
			);
			path = paperweightTests;
			sourceTree = "<group>";
		};
		7EF6656F196A559700E79192 /* Supporting Files */ = {
			isa = PBXGroup;
			children = (
				7EF66570196A559700E79192 /* paperweightTests-Info.plist */,
				7EF66571196A559700E79192 /* InfoPlist.strings */,
			);
			name = "Supporting Files";
			sourceTree = "<group>";
		};
		7EF66583196A560800E79192 /* Main */ = {
			isa = PBXGroup;
			children = (
				7EF6657E196A560000E79192 /* MainViewController.h */,
				7EF6657F196A560000E79192 /* MainViewController.m */,
				7EF66580196A560000E79192 /* MainViewController.xib */,
			);
			name = Main;
			sourceTree = "<group>";
		};
/* End PBXGroup section */

/* Begin PBXNativeTarget section */
		7EF6654B196A559700E79192 /* paperweight */ = {
			isa = PBXNativeTarget;
			buildConfigurationList = 7EF66578196A559700E79192 /* Build configuration list for PBXNativeTarget "paperweight" */;
			buildPhases = (
				7EF66548196A559700E79192 /* Sources */,
				7EF66549196A559700E79192 /* Frameworks */,
				7EF6654A196A559700E79192 /* Resources */,
			);
			buildRules = (
			);
			dependencies = (
			);
			name = paperweight;
			productName = paperweight;
			productReference = 7EF6654C196A559700E79192 /* paperweight.app */;
			productType = "com.apple.product-type.application";
		};
		7EF66566196A559700E79192 /* paperweightTests */ = {
			isa = PBXNativeTarget;
			buildConfigurationList = 7EF6657B196A559700E79192 /* Build configuration list for PBXNativeTarget "paperweightTests" */;
			buildPhases = (
				7EF66563196A559700E79192 /* Sources */,
				7EF66564196A559700E79192 /* Frameworks */,
				7EF66565196A559700E79192 /* Resources */,
			);
			buildRules = (
			);
			dependencies = (
				7EF6656D196A559700E79192 /* PBXTargetDependency */,
			);
			name = paperweightTests;
			productName = paperweightTests;
			productReference = 7EF66567196A559700E79192 /* paperweightTests.xctest */;
			productType = "com.apple.product-type.bundle.unit-test";
		};
/* End PBXNativeTarget section */

/* Begin PBXProject section */
		7EF66544196A559700E79192 /* Project object */ = {
			isa = PBXProject;
			attributes = {
				LastUpgradeCheck = 0510;
				ORGANIZATIONNAME = youtube;
				TargetAttributes = {
					7EF66566196A559700E79192 = {
						TestTargetID = 7EF6654B196A559700E79192;
					};
				};
			};
			buildConfigurationList = 7EF66547196A559700E79192 /* Build configuration list for PBXProject "paperweight" */;
			compatibilityVersion = "Xcode 3.2";
			developmentRegion = English;
			hasScannedForEncodings = 0;
			knownRegions = (
				en,
			);
			mainGroup = 7EF66543196A559700E79192;
			productRefGroup = 7EF6654D196A559700E79192 /* Products */;
			projectDirPath = "";
			projectRoot = "";
			targets = (
				7EF6654B196A559700E79192 /* paperweight */,
				7EF66566196A559700E79192 /* paperweightTests */,
			);
		};
/* End PBXProject section */

/* Begin PBXResourcesBuildPhase section */
		7EF6654A196A559700E79192 /* Resources */ = {
			isa = PBXResourcesBuildPhase;
			buildActionMask = 2147483647;
			files = (
				7EF6655A196A559700E79192 /* InfoPlist.strings in Resources */,
				7EF66582196A560000E79192 /* MainViewController.xib in Resources */,
				7EF66562196A559700E79192 /* Images.xcassets in Resources */,
			);
			runOnlyForDeploymentPostprocessing = 0;
		};
		7EF66565196A559700E79192 /* Resources */ = {
			isa = PBXResourcesBuildPhase;
			buildActionMask = 2147483647;
			files = (
				7EF66573196A559700E79192 /* InfoPlist.strings in Resources */,
			);
			runOnlyForDeploymentPostprocessing = 0;
		};
/* End PBXResourcesBuildPhase section */

/* Begin PBXSourcesBuildPhase section */
		7EF66548196A559700E79192 /* Sources */ = {
			isa = PBXSourcesBuildPhase;
			buildActionMask = 2147483647;
			files = (
				7EF66560196A559700E79192 /* AppDelegate.m in Sources */,
				7EF66581196A560000E79192 /* MainViewController.m in Sources */,
				7EF6655C196A559700E79192 /* main.m in Sources */,
			);
			runOnlyForDeploymentPostprocessing = 0;
		};
		7EF66563196A559700E79192 /* Sources */ = {
			isa = PBXSourcesBuildPhase;
			buildActionMask = 2147483647;
			files = (
				7EF66575196A559700E79192 /* paperweightTests.m in Sources */,
			);
			runOnlyForDeploymentPostprocessing = 0;
		};
/* End PBXSourcesBuildPhase section */

/* Begin PBXTargetDependency section */
		7EF6656D196A559700E79192 /* PBXTargetDependency */ = {
			isa = PBXTargetDependency;
			target = 7EF6654B196A559700E79192 /* paperweight */;
			targetProxy = 7EF6656C196A559700E79192 /* PBXContainerItemProxy */;
		};
/* End PBXTargetDependency section */

/* Begin PBXVariantGroup section */
		7EF66558196A559700E79192 /* InfoPlist.strings */ = {
			isa = PBXVariantGroup;
			children = (
				7EF66559196A559700E79192 /* en */,
			);
			name = InfoPlist.strings;
			sourceTree = "<group>";
		};
		7EF66571196A559700E79192 /* InfoPlist.strings */ = {
			isa = PBXVariantGroup;
			children = (
				7EF66572196A559700E79192 /* en */,
			);
			name = InfoPlist.strings;
			sourceTree = "<group>";
		};
/* End PBXVariantGroup section */

/* Begin XCBuildConfiguration section */
		7EF66576196A559700E79192 /* Debug */ = {
			isa = XCBuildConfiguration;
			buildSettings = {
				ALWAYS_SEARCH_USER_PATHS = NO;
				CLANG_CXX_LANGUAGE_STANDARD = "gnu++0x";
				CLANG_CXX_LIBRARY = "libc++";
				CLANG_ENABLE_MODULES = YES;
				CLANG_ENABLE_OBJC_ARC = YES;
				CLANG_WARN_BOOL_CONVERSION = YES;
				CLANG_WARN_CONSTANT_CONVERSION = YES;
				CLANG_WARN_DIRECT_OBJC_ISA_USAGE = YES_ERROR;
				CLANG_WARN_EMPTY_BODY = YES;
				CLANG_WARN_ENUM_CONVERSION = YES;
				CLANG_WARN_INT_CONVERSION = YES;
				CLANG_WARN_OBJC_ROOT_CLASS = YES_ERROR;
				CLANG_WARN__DUPLICATE_METHOD_MATCH = YES;
				"CODE_SIGN_IDENTITY[sdk=iphoneos*]" = "iPhone Developer";
				COPY_PHASE_STRIP = NO;
				GCC_C_LANGUAGE_STANDARD = gnu99;
				GCC_DYNAMIC_NO_PIC = NO;
				GCC_OPTIMIZATION_LEVEL = 0;
				GCC_PREPROCESSOR_DEFINITIONS = (
					"DEBUG=1",
					"$(inherited)",
				);
				GCC_SYMBOLS_PRIVATE_EXTERN = NO;
				GCC_WARN_64_TO_32_BIT_CONVERSION = YES;
				GCC_WARN_ABOUT_RETURN_TYPE = YES_ERROR;
				GCC_WARN_UNDECLARED_SELECTOR = YES;
				GCC_WARN_UNINITIALIZED_AUTOS = YES_AGGRESSIVE;
				GCC_WARN_UNUSED_FUNCTION = YES;
				GCC_WARN_UNUSED_VARIABLE = YES;
				IPHONEOS_DEPLOYMENT_TARGET = 7.1;
				ONLY_ACTIVE_ARCH = YES;
				SDKROOT = iphoneos;
			};
			name = Debug;
		};
		7EF66577196A559700E79192 /* Release */ = {
			isa = XCBuildConfiguration;
			buildSettings = {
				ALWAYS_SEARCH_USER_PATHS = NO;
				CLANG_CXX_LANGUAGE_STANDARD = "gnu++0x";
				CLANG_CXX_LIBRARY = "libc++";
				CLANG_ENABLE_MODULES = YES;
				CLANG_ENABLE_OBJC_ARC = YES;
				CLANG_WARN_BOOL_CONVERSION = YES;
				CLANG_WARN_CONSTANT_CONVERSION = YES;
				CLANG_WARN_DIRECT_OBJC_ISA_USAGE = YES_ERROR;
				CLANG_WARN_EMPTY_BODY = YES;
				CLANG_WARN_ENUM_CONVERSION = YES;
				CLANG_WARN_INT_CONVERSION = YES;
				CLANG_WARN_OBJC_ROOT_CLASS = YES_ERROR;
				CLANG_WARN__DUPLICATE_METHOD_MATCH = YES;
				"CODE_SIGN_IDENTITY[sdk=iphoneos*]" = "iPhone Developer";
				COPY_PHASE_STRIP = YES;
				ENABLE_NS_ASSERTIONS = NO;
				GCC_C_LANGUAGE_STANDARD = gnu99;
				GCC_WARN_64_TO_32_BIT_CONVERSION = YES;
				GCC_WARN_ABOUT_RETURN_TYPE = YES_ERROR;
				GCC_WARN_UNDECLARED_SELECTOR = YES;
				GCC_WARN_UNINITIALIZED_AUTOS = YES_AGGRESSIVE;
				GCC_WARN_UNUSED_FUNCTION = YES;
				GCC_WARN_UNUSED_VARIABLE = YES;
				IPHONEOS_DEPLOYMENT_TARGET = 7.1;
				SDKROOT = iphoneos;
				VALIDATE_PRODUCT = YES;
			};
			name = Release;
		};
		7EF66579196A559700E79192 /* Debug */ = {
			isa = XCBuildConfiguration;
			buildSettings = {
				ASSETCATALOG_COMPILER_APPICON_NAME = AppIcon;
				ASSETCATALOG_COMPILER_LAUNCHIMAGE_NAME = LaunchImage;
				GCC_PRECOMPILE_PREFIX_HEADER = YES;
				GCC_PREFIX_HEADER = "paperweight/paperweight-Prefix.pch";
				INFOPLIST_FILE = "paperweight/paperweight-Info.plist";
				PRODUCT_NAME = "$(TARGET_NAME)";
				WRAPPER_EXTENSION = app;
			};
			name = Debug;
		};
		7EF6657A196A559700E79192 /* Release */ = {
			isa = XCBuildConfiguration;
			buildSettings = {
				ASSETCATALOG_COMPILER_APPICON_NAME = AppIcon;
				ASSETCATALOG_COMPILER_LAUNCHIMAGE_NAME = LaunchImage;
				GCC_PRECOMPILE_PREFIX_HEADER = YES;
				GCC_PREFIX_HEADER = "paperweight/paperweight-Prefix.pch";
				INFOPLIST_FILE = "paperweight/paperweight-Info.plist";
				PRODUCT_NAME = "$(TARGET_NAME)";
				WRAPPER_EXTENSION = app;
			};
			name = Release;
		};
		7EF6657C196A559700E79192 /* Debug */ = {
			isa = XCBuildConfiguration;
			buildSettings = {
				BUNDLE_LOADER = "$(BUILT_PRODUCTS_DIR)/paperweight.app/paperweight";
				FRAMEWORK_SEARCH_PATHS = (
					"$(SDKROOT)/Developer/Library/Frameworks",
					"$(inherited)",
					"$(DEVELOPER_FRAMEWORKS_DIR)",
				);
				GCC_PRECOMPILE_PREFIX_HEADER = YES;
				GCC_PREFIX_HEADER = "paperweight/paperweight-Prefix.pch";
				GCC_PREPROCESSOR_DEFINITIONS = (
					"DEBUG=1",
					"$(inherited)",
				);
				INFOPLIST_FILE = "paperweightTests/paperweightTests-Info.plist";
				PRODUCT_NAME = "$(TARGET_NAME)";
				TEST_HOST = "$(BUNDLE_LOADER)";
				WRAPPER_EXTENSION = xctest;
			};
			name = Debug;
		};
		7EF6657D196A559700E79192 /* Release */ = {
			isa = XCBuildConfiguration;
			buildSettings = {
				BUNDLE_LOADER = "$(BUILT_PRODUCTS_DIR)/paperweight.app/paperweight";
				FRAMEWORK_SEARCH_PATHS = (
					"$(SDKROOT)/Developer/Library/Frameworks",
					"$(inherited)",
					"$(DEVELOPER_FRAMEWORKS_DIR)",
				);
				GCC_PRECOMPILE_PREFIX_HEADER = YES;
				GCC_PREFIX_HEADER = "paperweight/paperweight-Prefix.pch";
				INFOPLIST_FILE = "paperweightTests/paperweightTests-Info.plist";
				PRODUCT_NAME = "$(TARGET_NAME)";
				TEST_HOST = "$(BUNDLE_LOADER)";
				WRAPPER_EXTENSION = xctest;
			};
			name = Release;
		};
/* End XCBuildConfiguration section */

/* Begin XCConfigurationList section */
		7EF66547196A559700E79192 /* Build configuration list for PBXProject "paperweight" */ = {
			isa = XCConfigurationList;
			buildConfigurations = (
				7EF66576196A559700E79192 /* Debug */,
				7EF66577196A559700E79192 /* Release */,
			);
			defaultConfigurationIsVisible = 0;
			defaultConfigurationName = Release;
		};
		7EF66578196A559700E79192 /* Build configuration list for PBXNativeTarget "paperweight" */ = {
			isa = XCConfigurationList;
			buildConfigurations = (
				7EF66579196A559700E79192 /* Debug */,
				7EF6657A196A559700E79192 /* Release */,
			);
			defaultConfigurationIsVisible = 0;
		};
		7EF6657B196A559700E79192 /* Build configuration list for PBXNativeTarget "paperweightTests" */ = {
			isa = XCConfigurationList;
			buildConfigurations = (
				7EF6657C196A559700E79192 /* Debug */,
				7EF6657D196A559700E79192 /* Release */,
			);
			defaultConfigurationIsVisible = 0;
		};
/* End XCConfigurationList section */
	};
	rootObject = 7EF66544196A559700E79192 /* Project object */;
}
